<?xml version="1.0" encoding="utf-8"?>
<Project ToolsVersion="4.0" xmlns="http://schemas.microsoft.com/developer/msbuild/2003">
  <ItemGroup>
    <Filter Include="Source Files">
      <UniqueIdentifier>{1fee53ae-96aa-468b-8457-0495a9b28b1c}</UniqueIdentifier>
      <Extensions>cpp;c;cxx;rc;def;r;odl;idl;hpj;bat</Extensions>
    </Filter>
    <Filter Include="Header Files">
      <UniqueIdentifier>{24850a4d-5621-41e7-8403-3a0f8db220ae}</UniqueIdentifier>
      <Extensions>h;hpp;hxx;hm;inl</Extensions>
    </Filter>
  </ItemGroup>
  <ItemGroup>
    <ClCompile Include="..\libvo\video_out.c">
      <Filter>Source Files</Filter>
    </ClCompile>
    <ClCompile Include="..\libvo\video_out_dx.c">
      <Filter>Source Files</Filter>
    </ClCompile>
    <ClCompile Include="..\libvo\video_out_null.c">
      <Filter>Source Files</Filter>
    </ClCompile>
    <ClCompile Include="..\libvo\video_out_pgm.c">
      <Filter>Source Files</Filter>
    </ClCompile>
    <ClCompile Include="..\libvo\video_out_sdl.c">
      <Filter>Source Files</Filter>
    </ClCompile>
    <ClCompile Include="..\libvo\video_out_x11.c">
      <Filter>Source Files</Filter>
    </ClCompile>
    <ClCompile Include="..\libvo\yuv2rgb.c">
      <Filter>Source Files</Filter>
    </ClCompile>
  </ItemGroup>
  <ItemGroup>
    <ClInclude Include="..\include\video_out.h">
      <Filter>Header Files</Filter>
    </ClInclude>
    <ClInclude Include="..\libvo\video_out_internal.h">
      <Filter>Header Files</Filter>
    </ClInclude>
    <ClInclude Include="..\libvo\yuv2rgb.h">
      <Filter>Header Files</Filter>
    </ClInclude>
  </ItemGroup>
</Project>