<?xml version="1.0" encoding="utf-8"?>
<Project ToolsVersion="4.0" xmlns="http://schemas.microsoft.com/developer/msbuild/2003">
  <ItemGroup>
    <Filter Include="Source Files">
      <UniqueIdentifier>{abb7b016-6409-446a-93eb-97655fca183b}</UniqueIdentifier>
      <Extensions>cpp;c;cxx;rc;def;r;odl;idl;hpj;bat</Extensions>
    </Filter>
    <Filter Include="Header Files">
      <UniqueIdentifier>{8365beef-af27-4dd8-8f41-c151b21c4f7d}</UniqueIdentifier>
      <Extensions>h;hpp;hxx;hm;inl</Extensions>
    </Filter>
  </ItemGroup>
  <ItemGroup>
    <ResourceCompile Include="dll.rc">
      <Filter>Source Files</Filter>
    </ResourceCompile>
  </ItemGroup>
  <ItemGroup>
    <ClCompile Include="..\file_io.c">
      <Filter>Source Files</Filter>
    </ClCompile>
    <ClCompile Include="..\in_buffer.c">
      <Filter>Source Files</Filter>
    </ClCompile>
    <ClCompile Include="..\mpeg2dec.c">
      <Filter>Source Files</Filter>
    </ClCompile>
    <ClCompile Include="..\parse_ifo.c">
      <Filter>Source Files</Filter>
    </ClCompile>
    <ClCompile Include="..\..\ts_info\ts_info.cpp">
      <Filter>Source Files</Filter>
    </ClCompile>
    <ClCompile Include="..\..\ts_info\ts_pat.cpp">
      <Filter>Source Files</Filter>
    </ClCompile>
    <ClCompile Include="..\vstrip.c">
      <Filter>Source Files</Filter>
    </ClCompile>
  </ItemGroup>
  <ItemGroup>
    <ClInclude Include="..\file_io.h">
      <Filter>Header Files</Filter>
    </ClInclude>
    <ClInclude Include="..\in_buffer.h">
      <Filter>Header Files</Filter>
    </ClInclude>
    <ClInclude Include="..\parse_ifo.h">
      <Filter>Header Files</Filter>
    </ClInclude>
    <ClInclude Include="resource.h">
      <Filter>Header Files</Filter>
    </ClInclude>
    <ClInclude Include="..\s_types.h">
      <Filter>Header Files</Filter>
    </ClInclude>
    <ClInclude Include="..\..\ts_info\ts_global.h">
      <Filter>Header Files</Filter>
    </ClInclude>
    <ClInclude Include="..\..\ts_info\ts_pat.h">
      <Filter>Header Files</Filter>
    </ClInclude>
    <ClInclude Include="..\vobinfo.h">
      <Filter>Header Files</Filter>
    </ClInclude>
    <ClInclude Include="..\vstrip.h">
      <Filter>Header Files</Filter>
    </ClInclude>
  </ItemGroup>
</Project>