Microsoft Visual Studio Solution File, Format Version 8.00
Project("{8BC9CEB8-8B4A-11D0-8D11-00A0C91BC942}") = "BaseClasses", "baseclasses.vcproj", "{9AA87C1D-A27E-47D9-917E-9328D4429B84}"
	ProjectSection(ProjectDependencies) = postProject
	EndProjectSection
EndProject
Global
	GlobalSection(SolutionConfiguration) = preSolution
		Debug = Debug
		Debug for CallGenericMM = Debug for CallGenericMM
		Debug Unicode = Debug Unicode
		Release = Release
		Release for CallGenericMM = Release for CallGenericMM
		Release Unicode = Release Unicode
	EndGlobalSection
	GlobalSection(ProjectConfiguration) = postSolution
		{9AA87C1D-A27E-47D9-917E-9328D4429B84}.Debug.ActiveCfg = Debug|Win32
		{9AA87C1D-A27E-47D9-917E-9328D4429B84}.Debug.Build.0 = Debug|Win32
		{9AA87C1D-A27E-47D9-917E-9328D4429B84}.Debug for CallGenericMM.ActiveCfg = Debug for CallGenericMM|Win32
		{9AA87C1D-A27E-47D9-917E-9328D4429B84}.Debug for CallGenericMM.Build.0 = Debug for CallGenericMM|Win32
		{9AA87C1D-A27E-47D9-917E-9328D4429B84}.Debug Unicode.ActiveCfg = Debug Unicode|Win32
		{9AA87C1D-A27E-47D9-917E-9328D4429B84}.Debug Unicode.Build.0 = Debug Unicode|Win32
		{9AA87C1D-A27E-47D9-917E-9328D4429B84}.Release.ActiveCfg = Release|Win32
		{9AA87C1D-A27E-47D9-917E-9328D4429B84}.Release.Build.0 = Release|Win32
		{9AA87C1D-A27E-47D9-917E-9328D4429B84}.Release for CallGenericMM.ActiveCfg = Release for CallGenericMM|Win32
		{9AA87C1D-A27E-47D9-917E-9328D4429B84}.Release for CallGenericMM.Build.0 = Release for CallGenericMM|Win32
		{9AA87C1D-A27E-47D9-917E-9328D4429B84}.Release Unicode.ActiveCfg = Release Unicode|Win32
		{9AA87C1D-A27E-47D9-917E-9328D4429B84}.Release Unicode.Build.0 = Release Unicode|Win32
	EndGlobalSection
	GlobalSection(ExtensibilityGlobals) = postSolution
	EndGlobalSection
	GlobalSection(ExtensibilityAddIns) = postSolution
	EndGlobalSection
EndGlobal
